# @generated - this file is auto-generated by `mise lock` https://mise.en.dev/dev-tools/mise-lock.html

[[tools.python]]
version = "3.14.5"
backend = "core:python"

[tools.python."platforms.linux-arm64"]
checksum = "sha256:1d3ea1b3cd9b8f3d53afb629e82e9bc8f6dab6cbb1a7d23524bd86ba5bc22570"
url = "https://github.com/astral-sh/python-build-standalone/releases/download/20260602/cpython-3.14.5+20260602-aarch64-unknown-linux-gnu-install_only_stripped.tar.gz"
provenance = "github-attestations"

[tools.python."platforms.linux-arm64-musl"]
checksum = "sha256:23dfd69917f1c693b7ce857f014a72da546c8132c277bb6ac98fdbe12334e221"
url = "https://github.com/astral-sh/python-build-standalone/releases/download/20260602/cpython-3.14.5+20260602-aarch64-unknown-linux-musl-install_only_stripped.tar.gz"
provenance = "github-attestations"

[tools.python."platforms.linux-x64"]
checksum = "sha256:982a60fc7f11bbe405ab54afcd4eb145f1134797bbbffac9f5c49df4ec98b13e"
url = "https://github.com/astral-sh/python-build-standalone/releases/download/20260602/cpython-3.14.5+20260602-x86_64-unknown-linux-gnu-install_only_stripped.tar.gz"
provenance = "github-attestations"

[tools.python."platforms.linux-x64-musl"]
checksum = "sha256:09fb97b20df0ed9336d39468007619b3458489c33fa4166b43155587b382f84a"
url = "https://github.com/astral-sh/python-build-standalone/releases/download/20260602/cpython-3.14.5+20260602-x86_64-unknown-linux-musl-install_only_stripped.tar.gz"
provenance = "github-attestations"

[tools.python."platforms.macos-arm64"]
checksum = "sha256:3a0373cc39fefd494754ef555267f245c720cddbaaabf63a7c9a4269f1e56532"
url = "https://github.com/astral-sh/python-build-standalone/releases/download/20260602/cpython-3.14.5+20260602-aarch64-apple-darwin-install_only_stripped.tar.gz"
provenance = "github-attestations"

[tools.python."platforms.macos-x64"]
checksum = "sha256:d44ff6ec301cabc91eb0c756b1948b28579fb07feba36aaf1990e535649d5ea6"
url = "https://github.com/astral-sh/python-build-standalone/releases/download/20260602/cpython-3.14.5+20260602-x86_64-apple-darwin-install_only_stripped.tar.gz"
provenance = "github-attestations"

[tools.python."platforms.windows-x64"]
checksum = "sha256:66b065143e538c07f069f764d831d8ffae95507907d4ca211304e6f3a056435c"
url = "https://github.com/astral-sh/python-build-standalone/releases/download/20260602/cpython-3.14.5+20260602-x86_64-pc-windows-msvc-install_only_stripped.tar.gz"
provenance = "github-attestations"

[[tools.uv]]
version = "0.12.12"
backend = "aqua:astral-sh/uv"

[tools.uv."platforms.linux-arm64"]
checksum = "sha256:fe08db50cc1b56cd1da7801065ed1103d27ed3f9571cd122386cfc7faf1b8df5"
url = "https://github.com/astral-sh/uv/releases/download/0.12.12/uv-aarch64-unknown-linux-gnu.tar.gz"
url_api = "https://api.github.com/repos/astral-sh/uv/releases/assets/553169214"
provenance = "github-attestations"

[tools.uv."platforms.linux-arm64-musl"]
checksum = "sha256:82e59fff633cbd96fb675f37c7a748c056d909a59ecf476f8ff0e5bee76b9b23"
url = "https://github.com/astral-sh/uv/releases/download/0.12.12/uv-aarch64-unknown-linux-musl.tar.gz"
url_api = "https://api.github.com/repos/astral-sh/uv/releases/assets/553169225"
provenance = "github-attestations"

[tools.uv."platforms.linux-x64"]
checksum = "sha256:ab9b309d4586403f024e100abaceb396616e178a553e2500c36087d180f09509"
url = "https://github.com/astral-sh/uv/releases/download/0.12.12/uv-x86_64-unknown-linux-gnu.tar.gz"
url_api = "https://api.github.com/repos/astral-sh/uv/releases/assets/553169491"
provenance = "github-attestations"

[tools.uv."platforms.linux-x64-musl"]
checksum = "sha256:0b0bbd7144f91d9b694e29c920fca3a060322bd134e8507e5eb92049a3e2edf0"
url = "https://github.com/astral-sh/uv/releases/download/0.12.12/uv-x86_64-unknown-linux-musl.tar.gz"
url_api = "https://api.github.com/repos/astral-sh/uv/releases/assets/553169515"
provenance = "github-attestations"

[tools.uv."platforms.macos-arm64"]
checksum = "sha256:46740540b63fdee9a6cb2e19baf3f1f475b850c440a33e63455087a6871263f1"
url = "https://github.com/astral-sh/uv/releases/download/0.12.12/uv-aarch64-apple-darwin.tar.gz"
url_api = "https://api.github.com/repos/astral-sh/uv/releases/assets/553169165"
provenance = "github-attestations"

[tools.uv."platforms.macos-x64"]
checksum = "sha256:0dc8cd6c961582b0d140b5398f96b23502885277fb3464241456a2435e460dfa"
url = "https://github.com/astral-sh/uv/releases/download/0.12.12/uv-x86_64-apple-darwin.tar.gz"
url_api = "https://api.github.com/repos/astral-sh/uv/releases/assets/553169443"
provenance = "github-attestations"

[tools.uv."platforms.windows-x64"]
checksum = "sha256:3d54912924c36e862c14f427d04f2ed70a99e8001d1c30caa101f6d5711626d5"
url = "https://github.com/astral-sh/uv/releases/download/0.12.12/uv-x86_64-pc-windows-msvc.zip"
url_api = "https://api.github.com/repos/astral-sh/uv/releases/assets/553169472"
provenance = "github-attestations"
